
Microsoft Visual Studio Solution File, Format Version 12.00
# Visual Studio Version 17
VisualStudioVersion = 17.0.31903.59
MinimumVisualStudioVersion = 10.0.40219.1
Project("{FAE04EC0-301F-11D3-BF4B-00C04F79EFBC}") = "VanAn.Shared", "1_Shared\VanAn.Shared.csproj", "{AB71C13C-690C-4145-8951-693450069984}"
EndProject
Project("{FAE04EC0-301F-11D3-BF4B-00C04F79EFBC}") = "VanAn.Gateway", "2_Gateway\VanAn.Gateway.csproj", "{A269A402-9AFB-4948-99B0-97A26EB3A0CC}"
EndProject
Project("{FAE04EC0-301F-11D3-BF4B-00C04F79EFBC}") = "VanAn.CoreHub", "3_CoreHub\VanAn.CoreHub.csproj", "{D0EA47BA-E5A6-4395-903E-3070A1FA7053}"
EndProject
Project("{2150E333-8FDC-42A3-9474-1A3956D46DE8}") = "5_WebApps", "5_WebApps", "{A237B000-C43B-4B8F-8FEE-51246CC0DAA0}"
EndProject
Project("{FAE04EC0-301F-11D3-BF4B-00C04F79EFBC}") = "VanAn.KhachLink", "5_WebApps\KhachLink\VanAn.KhachLink.csproj", "{31ECF62E-C1F8-4E30-A8F1-B8A7EDCDD521}"
EndProject
Project("{FAE04EC0-301F-11D3-BF4B-00C04F79EFBC}") = "VanAn.ShopERP", "5_WebApps\ShopERP\VanAn.ShopERP.csproj", "{72E0BBB4-37CF-4189-A9E0-21A3E2896B04}"
EndProject
Project("{2150E333-8FDC-42A3-9474-1A3956D46DE8}") = "6_Tests", "6_Tests", "{9FA80C79-0EC3-4E39-8635-B46D869004C3}"
EndProject
Project("{FAE04EC0-301F-11D3-BF4B-00C04F79EFBC}") = "VanAn.Core.Tests", "6_Tests\VanAn.Core.Tests\VanAn.Core.Tests.csproj", "{595E1AFD-5EB6-4403-B379-5AC2552F262C}"
EndProject
# Project("{FAE04EC0-301F-11D3-BF4B-00C04F79EFBC}") = "VanAn.Integration.Tests", "6_Tests\VanAn.Integration.Tests\VanAn.Integration.Tests.csproj", "{5026577B-54FD-436F-B575-E6122FC0C4B5}"
# EndProject
# Temporarily excluded due to architectural issues requiring complete rewrite
Global
	GlobalSection(SolutionConfigurationPlatforms) = preSolution
		Debug|Any CPU = Debug|Any CPU
		Release|Any CPU = Release|Any CPU
	EndGlobalSection
	GlobalSection(SolutionProperties) = preSolution
		HideSolutionNode = FALSE
	EndGlobalSection
	GlobalSection(ProjectConfigurationPlatforms) = postSolution
		{AB71C13C-690C-4145-8951-693450069984}.Debug|Any CPU.ActiveCfg = Debug|Any CPU
		{AB71C13C-690C-4145-8951-693450069984}.Debug|Any CPU.Build.0 = Debug|Any CPU
		{AB71C13C-690C-4145-8951-693450069984}.Release|Any CPU.ActiveCfg = Release|Any CPU
		{AB71C13C-690C-4145-8951-693450069984}.Release|Any CPU.Build.0 = Release|Any CPU
		{A269A402-9AFB-4948-99B0-97A26EB3A0CC}.Debug|Any CPU.ActiveCfg = Debug|Any CPU
		{A269A402-9AFB-4948-99B0-97A26EB3A0CC}.Debug|Any CPU.Build.0 = Debug|Any CPU
		{A269A402-9AFB-4948-99B0-97A26EB3A0CC}.Release|Any CPU.ActiveCfg = Release|Any CPU
		{A269A402-9AFB-4948-99B0-97A26EB3A0CC}.Release|Any CPU.Build.0 = Release|Any CPU
		{D0EA47BA-E5A6-4395-903E-3070A1FA7053}.Debug|Any CPU.ActiveCfg = Debug|Any CPU
		{D0EA47BA-E5A6-4395-903E-3070A1FA7053}.Debug|Any CPU.Build.0 = Debug|Any CPU
		{D0EA47BA-E5A6-4395-903E-3070A1FA7053}.Release|Any CPU.ActiveCfg = Release|Any CPU
		{D0EA47BA-E5A6-4395-903E-3070A1FA7053}.Release|Any CPU.Build.0 = Release|Any CPU
		#		{8B8B9A89-16A9-4A6F-8D00-39B448C62FAA}.Debug|Any CPU.ActiveCfg = Debug|Any CPU
		#		{8B8B9A89-16A9-4A6F-8D00-39B448C62FAA}.Debug|Any CPU.Build.0 = Debug|Any CPU
		#		{8B8B9A89-16A9-4A6F-8D00-39B448C62FAA}.Release|Any CPU.ActiveCfg = Release|Any CPU
		#		{8B8B9A89-16A9-4A6F-8D00-39B448C62FAA}.Release|Any CPU.Build.0 = Release|Any CPU
		{31ECF62E-C1F8-4E30-A8F1-B8A7EDCDD521}.Debug|Any CPU.ActiveCfg = Debug|Any CPU
		{31ECF62E-C1F8-4E30-A8F1-B8A7EDCDD521}.Debug|Any CPU.Build.0 = Debug|Any CPU
		{31ECF62E-C1F8-4E30-A8F1-B8A7EDCDD521}.Release|Any CPU.ActiveCfg = Release|Any CPU
		{31ECF62E-C1F8-4E30-A8F1-B8A7EDCDD521}.Release|Any CPU.Build.0 = Release|Any CPU
		{72E0BBB4-37CF-4189-A9E0-21A3E2896B04}.Debug|Any CPU.ActiveCfg = Debug|Any CPU
		{72E0BBB4-37CF-4189-A9E0-21A3E2896B04}.Debug|Any CPU.Build.0 = Debug|Any CPU
		{72E0BBB4-37CF-4189-A9E0-21A3E2896B04}.Release|Any CPU.ActiveCfg = Release|Any CPU
		{72E0BBB4-37CF-4189-A9E0-21A3E2896B04}.Release|Any CPU.Build.0 = Release|Any CPU
		{595E1AFD-5EB6-4403-B379-5AC2552F262C}.Debug|Any CPU.ActiveCfg = Debug|Any CPU
		{595E1AFD-5EB6-4403-B379-5AC2552F262C}.Debug|Any CPU.Build.0 = Debug|Any CPU
		{595E1AFD-5EB6-4403-B379-5AC2552F262C}.Release|Any CPU.ActiveCfg = Release|Any CPU
		{595E1AFD-5EB6-4403-B379-5AC2552F262C}.Release|Any CPU.Build.0 = Release|Any CPU
		# Integration tests temporarily excluded
		# {5026577B-54FD-436F-B575-E6122FC0C4B5}.Debug|Any CPU.ActiveCfg = Debug|Any CPU
		# {5026577B-54FD-436F-B575-E6122FC0C4B5}.Debug|Any CPU.Build.0 = Debug|Any CPU
		# {5026577B-54FD-436F-B575-E6122FC0C4B5}.Release|Any CPU.ActiveCfg = Release|Any CPU
		# {5026577B-54FD-436F-B575-E6122FC0C4B5}.Release|Any CPU.Build.0 = Release|Any CPU
	EndGlobalSection
	GlobalSection(NestedProjects) = preSolution
		#		{8B8B9A89-16A9-4A6F-8D00-39B448C62FAA} = {55DACB7E-5E74-4AA3-A3B3-1348DDC1D5B4}
		{31ECF62E-C1F8-4E30-A8F1-B8A7EDCDD521} = {A237B000-C43B-4B8F-8FEE-51246CC0DAA0}
		{72E0BBB4-37CF-4189-A9E0-21A3E2896B04} = {A237B000-C43B-4B8F-8FEE-51246CC0DAA0}
		{595E1AFD-5EB6-4403-B379-5AC2552F262C} = {9FA80C79-0EC3-4E39-8635-B46D869004C3}
		# {5026577B-54FD-436F-B575-E6122FC0C4B5} = {9FA80C79-0EC3-4E39-8635-B46D869004C3}
	EndGlobalSection
EndGlobal
