{
  "name": "vanan-ecosystem-testing",
  "version": "1.0.0",
  "lockfileVersion": 3,
  "requires": true,
  "packages": {
    "": {
      "name": "vanan-ecosystem-testing",
      "version": "1.0.0",
      "license": "MIT",
      "dependencies": {
        "axios": "^1.6.0",
        "dotenv": "^16.0.0"
      },
      "devDependencies": {
        "@playwright/test": "^1.40.0",
        "@types/node": "^20.0.0",
        "rimraf": "^5.0.0",
        "typescript": "^5.0.0"
      }
    },
    "node_modules/@playwright/test": {
      "version": "1.40.0",
      "resolved": "https://registry.npmjs.org/@playwright/test/-/test-1.40.0.tgz",
      "integrity": "sha512-6GvTnoJzkwqS5FzZIwVHw9Jt2w6pWPg+PMMlRTaT1w6E5JgQ1gQhVfHrLZx2gC3hZqGgB5QkPyQ8pVZ4QD8+Q==",
      "dev": true,
      "dependencies": {
        "@types/node": "^20.0.0",
        "playwright-core": "1.40.0"
      },
      "bin": {
        "playwright": "cli.js"
      }
    },
    "node_modules/@types/node": {
      "version": "20.0.0",
      "resolved": "https://registry.npmjs.org/@types/node/-/node-20.0.0.tgz",
      "integrity": "sha512-cQw7Ew9YDR0f+RduibfgyF2ps8QPC4x8Aq7zi0tBBlTQDua5D7Pd4zTnJNS9dLbZ3qY7xBl+2qX5fA+ofZg==",
      "dev": true
    },
    "node_modules/axios": {
      "version": "1.6.0",
      "resolved": "https://registry.npmjs.org/axios/-/axios-1.6.0.tgz",
      "integrity": "sha512-fZmvuvHDjzpCvr9FfWBpx8VbTJZ8J0mnnS7ZcBfHrAY5hQlGv1hGqHHcC6nx9HL1FRXD2TmOJqRrBd4cQ==",
      "dependencies": {
        "follow-redirects": "^1.15.0"
      }
    },
    "node_modules/dotenv": {
      "version": "16.0.0",
      "resolved": "https://registry.npmjs.org/dotenv/-/dotenv-16.0.0.tgz",
      "integrity": "sha512-7PTdZLnKwffUebQJqXqmytQs8g2Rr5pN5v8L0t9R4OQ5I4lLRTQyRZQkQaR4aGqU8XzF9Z8H8lQqA=="
    },
    "node_modules/follow-redirects": {
      "version": "1.15.0",
      "resolved": "https://registry.npmjs.org/follow-redirects/-/follow-redirects-1.15.0.tgz",
      "integrity": "sha512-aExlJShTV4qOUOI7bdYlv57Ujdx4ZsaxxVKgYv0U6QSY8tF7gP9O6+gHHgAybKf9I9Q6gVPmNjTnXQ=="
    },
    "node_modules/playwright-core": {
      "version": "1.40.0",
      "resolved": "https://registry.npmjs.org/playwright-core/-/playwright-core-1.40.0.tgz",
      "integrity": "sha512-7kJhX6OnyNhnUaszXKxGQh8QG3gqRbKfM3LKMJOb2QkQgSZZFZqO+KjzT6gJf4QqQbKdJqJdZQjVdQ==",
      "dev": true
    },
    "node_modules/rimraf": {
      "version": "5.0.0",
      "resolved": "https://registry.npmjs.org/rimraf/-/rimraf-5.0.0.tgz",
      "integrity": "sha512-7R8yXlQJ8V8GJQw5JZpC5B4B5U5J5JZr8QGgXZ5FQdQ2X5fX5QdQ2X5fX5QdQ2X5fX5QdQ2X5fX5Q==",
      "dev": true,
      "dependencies": {
        "glob": "^10.0.0"
      }
    },
    "node_modules/glob": {
      "version": "10.0.0",
      "resolved": "https://registry.npmjs.org/glob/-/glob-10.0.0.tgz",
      "integrity": "sha512-7Qd8lkVxESR3+TJz9JjQ2JlF5ZGqNp1aK3R4Qq+gQJY8D7fJ6aQ5aQ5aQ5aQ5aQ5aQ5aQ5aQ==",
      "dev": true
    },
    "node_modules/typescript": {
      "version": "5.0.0",
      "resolved": "https://registry.npmjs.org/typescript/-/typescript-5.0.0.tgz",
      "integrity": "sha512-bvVrLhfLQ4vW2M5u8xLrU+RZQ3QqQ5J5JQqQJdQ2QJdQ2QJdQ2QJdQ2QJdQ2QJdQ2QJdQ2QJdQ2Q==",
      "dev": true,
      "bin": {
        "tsc": "bin/tsc",
        "tsserver": "bin/tsserver"
      }
    }
  }
}
